
Microsoft Visual Studio Solution File, Format Version 12.00
# Visual Studio 15
VisualStudioVersion = 15.0.26124.0
MinimumVisualStudioVersion = 15.0.26124.0
Project("{FAE04EC0-301F-11D3-BF4B-00C04F79EFBC}") = "Problems", "Problems\Problems.csproj", "{AEAA7D45-6CD1-458B-8024-05E5C96EDD96}"
EndProject
Project("{2150E333-8FDC-42A3-9474-1A3956D46DE8}") = "Problems", "Problems", "{10346610-52DB-4E64-8AC5-0A98557BBE99}"
EndProject
Project("{FAE04EC0-301F-11D3-BF4B-00C04F79EFBC}") = "Problems.Tests", "Problems\Problems.Tests\Problems.Tests.csproj", "{541C0098-71C8-492E-A8F3-B3DCF4013669}"
EndProject
Project("{FAE04EC0-301F-11D3-BF4B-00C04F79EFBC}") = "Problems.Tests", "Problems.Tests\Problems.Tests.csproj", "{71B44E4D-C382-4503-B529-315BDDEE9769}"
EndProject
Global
	GlobalSection(SolutionConfigurationPlatforms) = preSolution
		Debug|Any CPU = Debug|Any CPU
		Debug|x64 = Debug|x64
		Debug|x86 = Debug|x86
		Release|Any CPU = Release|Any CPU
		Release|x64 = Release|x64
		Release|x86 = Release|x86
	EndGlobalSection
	GlobalSection(SolutionProperties) = preSolution
		HideSolutionNode = FALSE
	EndGlobalSection
	GlobalSection(ProjectConfigurationPlatforms) = postSolution
		{AEAA7D45-6CD1-458B-8024-05E5C96EDD96}.Debug|Any CPU.ActiveCfg = Debug|Any CPU
		{AEAA7D45-6CD1-458B-8024-05E5C96EDD96}.Debug|Any CPU.Build.0 = Debug|Any CPU
		{AEAA7D45-6CD1-458B-8024-05E5C96EDD96}.Debug|x64.ActiveCfg = Debug|Any CPU
		{AEAA7D45-6CD1-458B-8024-05E5C96EDD96}.Debug|x64.Build.0 = Debug|Any CPU
		{AEAA7D45-6CD1-458B-8024-05E5C96EDD96}.Debug|x86.ActiveCfg = Debug|Any CPU
		{AEAA7D45-6CD1-458B-8024-05E5C96EDD96}.Debug|x86.Build.0 = Debug|Any CPU
		{AEAA7D45-6CD1-458B-8024-05E5C96EDD96}.Release|Any CPU.ActiveCfg = Release|Any CPU
		{AEAA7D45-6CD1-458B-8024-05E5C96EDD96}.Release|Any CPU.Build.0 = Release|Any CPU
		{AEAA7D45-6CD1-458B-8024-05E5C96EDD96}.Release|x64.ActiveCfg = Release|Any CPU
		{AEAA7D45-6CD1-458B-8024-05E5C96EDD96}.Release|x64.Build.0 = Release|Any CPU
		{AEAA7D45-6CD1-458B-8024-05E5C96EDD96}.Release|x86.ActiveCfg = Release|Any CPU
		{AEAA7D45-6CD1-458B-8024-05E5C96EDD96}.Release|x86.Build.0 = Release|Any CPU
		{541C0098-71C8-492E-A8F3-B3DCF4013669}.Debug|Any CPU.ActiveCfg = Debug|Any CPU
		{541C0098-71C8-492E-A8F3-B3DCF4013669}.Debug|Any CPU.Build.0 = Debug|Any CPU
		{541C0098-71C8-492E-A8F3-B3DCF4013669}.Debug|x64.ActiveCfg = Debug|Any CPU
		{541C0098-71C8-492E-A8F3-B3DCF4013669}.Debug|x64.Build.0 = Debug|Any CPU
		{541C0098-71C8-492E-A8F3-B3DCF4013669}.Debug|x86.ActiveCfg = Debug|Any CPU
		{541C0098-71C8-492E-A8F3-B3DCF4013669}.Debug|x86.Build.0 = Debug|Any CPU
		{541C0098-71C8-492E-A8F3-B3DCF4013669}.Release|Any CPU.ActiveCfg = Release|Any CPU
		{541C0098-71C8-492E-A8F3-B3DCF4013669}.Release|Any CPU.Build.0 = Release|Any CPU
		{541C0098-71C8-492E-A8F3-B3DCF4013669}.Release|x64.ActiveCfg = Release|Any CPU
		{541C0098-71C8-492E-A8F3-B3DCF4013669}.Release|x64.Build.0 = Release|Any CPU
		{541C0098-71C8-492E-A8F3-B3DCF4013669}.Release|x86.ActiveCfg = Release|Any CPU
		{541C0098-71C8-492E-A8F3-B3DCF4013669}.Release|x86.Build.0 = Release|Any CPU
		{71B44E4D-C382-4503-B529-315BDDEE9769}.Debug|Any CPU.ActiveCfg = Debug|Any CPU
		{71B44E4D-C382-4503-B529-315BDDEE9769}.Debug|Any CPU.Build.0 = Debug|Any CPU
		{71B44E4D-C382-4503-B529-315BDDEE9769}.Debug|x64.ActiveCfg = Debug|Any CPU
		{71B44E4D-C382-4503-B529-315BDDEE9769}.Debug|x64.Build.0 = Debug|Any CPU
		{71B44E4D-C382-4503-B529-315BDDEE9769}.Debug|x86.ActiveCfg = Debug|Any CPU
		{71B44E4D-C382-4503-B529-315BDDEE9769}.Debug|x86.Build.0 = Debug|Any CPU
		{71B44E4D-C382-4503-B529-315BDDEE9769}.Release|Any CPU.ActiveCfg = Release|Any CPU
		{71B44E4D-C382-4503-B529-315BDDEE9769}.Release|Any CPU.Build.0 = Release|Any CPU
		{71B44E4D-C382-4503-B529-315BDDEE9769}.Release|x64.ActiveCfg = Release|Any CPU
		{71B44E4D-C382-4503-B529-315BDDEE9769}.Release|x64.Build.0 = Release|Any CPU
		{71B44E4D-C382-4503-B529-315BDDEE9769}.Release|x86.ActiveCfg = Release|Any CPU
		{71B44E4D-C382-4503-B529-315BDDEE9769}.Release|x86.Build.0 = Release|Any CPU
	EndGlobalSection
	GlobalSection(NestedProjects) = preSolution
		{541C0098-71C8-492E-A8F3-B3DCF4013669} = {10346610-52DB-4E64-8AC5-0A98557BBE99}
	EndGlobalSection
EndGlobal
